
Microsoft Visual Studio Solution File, Format Version 12.00
# Visual Studio Version 17
VisualStudioVersion = 17.14.36327.8 d17.14
MinimumVisualStudioVersion = 10.0.40219.1
Project("{FAE04EC0-301F-11D3-BF4B-00C04F79EFBC}") = "BradPCOS", "BradPCOS.csproj", "{D7E490D6-BE69-4EBB-B9B5-4C64C7DA8E4A}"
EndProject
Global
	GlobalSection(SolutionConfigurationPlatforms) = preSolution
		Debug|Any CPU = Debug|Any CPU
		Release|Any CPU = Release|Any CPU
	EndGlobalSection
	GlobalSection(ProjectConfigurationPlatforms) = postSolution
		{D7E490D6-BE69-4EBB-B9B5-4C64C7DA8E4A}.Debug|Any CPU.ActiveCfg = Debug|Any CPU
		{D7E490D6-BE69-4EBB-B9B5-4C64C7DA8E4A}.Debug|Any CPU.Build.0 = Debug|Any CPU
		{D7E490D6-BE69-4EBB-B9B5-4C64C7DA8E4A}.Release|Any CPU.ActiveCfg = Release|Any CPU
		{D7E490D6-BE69-4EBB-B9B5-4C64C7DA8E4A}.Release|Any CPU.Build.0 = Release|Any CPU
	EndGlobalSection
	GlobalSection(SolutionProperties) = preSolution
		HideSolutionNode = FALSE
	EndGlobalSection
	GlobalSection(ExtensibilityGlobals) = postSolution
		SolutionGuid = {4EFB0A37-3175-420C-8C14-19060E3B5550}
	EndGlobalSection
EndGlobal
